<Solution>
  <Folder Name="/src/">
    <Project Path="src/ControlAgentNet.Policies.InMemory/ControlAgentNet.Policies.InMemory.csproj" />
  </Folder>
  <Folder Name="/tests/">
    <Project Path="tests/ControlAgentNet.Policies.InMemory.Tests/ControlAgentNet.Policies.InMemory.Tests.csproj" />
  </Folder>
  <Folder Name="/samples/">
    <Project Path="samples/InMemoryDemo/InMemoryDemo.csproj" />
  </Folder>
</Solution>
